
Microsoft Visual Studio Solution File, Format Version 12.00
# Visual Studio Version 17
VisualStudioVersion = 17.7.34302.85
MinimumVisualStudioVersion = 10.0.40219.1
Project("{FAE04EC0-301F-11D3-BF4B-00C04F79EFBC}") = "OppD", "OppD\OppD.csproj", "{1025FB90-5DEF-40A7-BE16-94FDB85D251C}"
EndProject
Global
	GlobalSection(SolutionConfigurationPlatforms) = preSolution
		Debug|Any CPU = Debug|Any CPU
		Release|Any CPU = Release|Any CPU
	EndGlobalSection
	GlobalSection(ProjectConfigurationPlatforms) = postSolution
		{1025FB90-5DEF-40A7-BE16-94FDB85D251C}.Debug|Any CPU.ActiveCfg = Debug|Any CPU
		{1025FB90-5DEF-40A7-BE16-94FDB85D251C}.Debug|Any CPU.Build.0 = Debug|Any CPU
		{1025FB90-5DEF-40A7-BE16-94FDB85D251C}.Release|Any CPU.ActiveCfg = Release|Any CPU
		{1025FB90-5DEF-40A7-BE16-94FDB85D251C}.Release|Any CPU.Build.0 = Release|Any CPU
	EndGlobalSection
	GlobalSection(SolutionProperties) = preSolution
		HideSolutionNode = FALSE
	EndGlobalSection
	GlobalSection(ExtensibilityGlobals) = postSolution
		SolutionGuid = {F5E8E80E-35D0-4FA0-9C77-60293E1A981E}
	EndGlobalSection
EndGlobal
